
Microsoft Visual Studio Solution File, Format Version 12.00
# Visual Studio Version 17
VisualStudioVersion = 17.14.36109.1 d17.14
MinimumVisualStudioVersion = 10.0.40219.1
Project("{FAE04EC0-301F-11D3-BF4B-00C04F79EFBC}") = "Variant3_Media", "Variant3_Media\Variant3_Media.csproj", "{4E0D6B76-2F7E-4916-A384-6A43483CFF22}"
EndProject
Global
	GlobalSection(SolutionConfigurationPlatforms) = preSolution
		Debug|Any CPU = Debug|Any CPU
		Release|Any CPU = Release|Any CPU
	EndGlobalSection
	GlobalSection(ProjectConfigurationPlatforms) = postSolution
		{4E0D6B76-2F7E-4916-A384-6A43483CFF22}.Debug|Any CPU.ActiveCfg = Debug|Any CPU
		{4E0D6B76-2F7E-4916-A384-6A43483CFF22}.Debug|Any CPU.Build.0 = Debug|Any CPU
		{4E0D6B76-2F7E-4916-A384-6A43483CFF22}.Release|Any CPU.ActiveCfg = Release|Any CPU
		{4E0D6B76-2F7E-4916-A384-6A43483CFF22}.Release|Any CPU.Build.0 = Release|Any CPU
	EndGlobalSection
	GlobalSection(SolutionProperties) = preSolution
		HideSolutionNode = FALSE
	EndGlobalSection
	GlobalSection(ExtensibilityGlobals) = postSolution
		SolutionGuid = {3E5302C1-6BC1-47C5-8BBF-B2230872D328}
	EndGlobalSection
EndGlobal
